
Microsoft Visual Studio Solution File, Format Version 12.00
# Visual Studio Version 17
VisualStudioVersion = 17.14.36310.24
MinimumVisualStudioVersion = 10.0.40219.1
Project("{FAE04EC0-301F-11D3-BF4B-00C04F79EFBC}") = "DBAutoMigration", "DBAutoMigration\DBAutoMigration.csproj", "{8420A752-7705-4DA6-9221-83522B466A02}"
EndProject
Project("{FAE04EC0-301F-11D3-BF4B-00C04F79EFBC}") = "ConsoleApp1", "d:\project cd\ConsoleApp1\ConsoleApp1.csproj", "{89290D3F-65C3-4A4A-9E73-CB68A535697F}"
EndProject
Global
	GlobalSection(SolutionConfigurationPlatforms) = preSolution
		Debug|Any CPU = Debug|Any CPU
		Debug|x64 = Debug|x64
		Debug|x86 = Debug|x86
		Release|Any CPU = Release|Any CPU
		Release|x64 = Release|x64
		Release|x86 = Release|x86
	EndGlobalSection
	GlobalSection(ProjectConfigurationPlatforms) = postSolution
		{8420A752-7705-4DA6-9221-83522B466A02}.Debug|Any CPU.ActiveCfg = Debug|Any CPU
		{8420A752-7705-4DA6-9221-83522B466A02}.Debug|Any CPU.Build.0 = Debug|Any CPU
		{8420A752-7705-4DA6-9221-83522B466A02}.Debug|x64.ActiveCfg = Debug|Any CPU
		{8420A752-7705-4DA6-9221-83522B466A02}.Debug|x64.Build.0 = Debug|Any CPU
		{8420A752-7705-4DA6-9221-83522B466A02}.Debug|x86.ActiveCfg = Debug|Any CPU
		{8420A752-7705-4DA6-9221-83522B466A02}.Debug|x86.Build.0 = Debug|Any CPU
		{8420A752-7705-4DA6-9221-83522B466A02}.Release|Any CPU.ActiveCfg = Release|Any CPU
		{8420A752-7705-4DA6-9221-83522B466A02}.Release|Any CPU.Build.0 = Release|Any CPU
		{8420A752-7705-4DA6-9221-83522B466A02}.Release|x64.ActiveCfg = Release|Any CPU
		{8420A752-7705-4DA6-9221-83522B466A02}.Release|x64.Build.0 = Release|Any CPU
		{8420A752-7705-4DA6-9221-83522B466A02}.Release|x86.ActiveCfg = Release|Any CPU
		{8420A752-7705-4DA6-9221-83522B466A02}.Release|x86.Build.0 = Release|Any CPU
		{89290D3F-65C3-4A4A-9E73-CB68A535697F}.Debug|Any CPU.ActiveCfg = Debug|Any CPU
		{89290D3F-65C3-4A4A-9E73-CB68A535697F}.Debug|Any CPU.Build.0 = Debug|Any CPU
		{89290D3F-65C3-4A4A-9E73-CB68A535697F}.Debug|x64.ActiveCfg = Debug|Any CPU
		{89290D3F-65C3-4A4A-9E73-CB68A535697F}.Debug|x64.Build.0 = Debug|Any CPU
		{89290D3F-65C3-4A4A-9E73-CB68A535697F}.Debug|x86.ActiveCfg = Debug|Any CPU
		{89290D3F-65C3-4A4A-9E73-CB68A535697F}.Debug|x86.Build.0 = Debug|Any CPU
		{89290D3F-65C3-4A4A-9E73-CB68A535697F}.Release|Any CPU.ActiveCfg = Release|Any CPU
		{89290D3F-65C3-4A4A-9E73-CB68A535697F}.Release|Any CPU.Build.0 = Release|Any CPU
		{89290D3F-65C3-4A4A-9E73-CB68A535697F}.Release|x64.ActiveCfg = Release|Any CPU
		{89290D3F-65C3-4A4A-9E73-CB68A535697F}.Release|x64.Build.0 = Release|Any CPU
		{89290D3F-65C3-4A4A-9E73-CB68A535697F}.Release|x86.ActiveCfg = Release|Any CPU
		{89290D3F-65C3-4A4A-9E73-CB68A535697F}.Release|x86.Build.0 = Release|Any CPU
	EndGlobalSection
	GlobalSection(SolutionProperties) = preSolution
		HideSolutionNode = FALSE
	EndGlobalSection
	GlobalSection(ExtensibilityGlobals) = postSolution
		SolutionGuid = {CC8AF31E-6716-417B-9C35-3E13EF3522D7}
	EndGlobalSection
EndGlobal
